
Microsoft Visual Studio Solution File, Format Version 12.00
# Visual Studio Version 16
VisualStudioVersion = 16.0.29911.84
MinimumVisualStudioVersion = 10.0.40219.1
Project("{9A19103F-16F7-4668-BE54-9A1E7A4F7556}") = "SimpleDotNetCoreApi.Commands", "SimpleDotNetCoreApi.Commands\SimpleDotNetCoreApi.Commands.csproj", "{89EFA1E2-5C38-4DFA-9933-5A6EB0B101CD}"
EndProject
Project("{9A19103F-16F7-4668-BE54-9A1E7A4F7556}") = "SimpleDotNetCoreApi.Data", "SimpleDotNetCoreApi.Data\SimpleDotNetCoreApi.Data.csproj", "{FAEF29C8-6775-47C4-BDF3-44AA0D82ECDE}"
EndProject
Project("{9A19103F-16F7-4668-BE54-9A1E7A4F7556}") = "SimpleDotNetCoreApi.Shared", "SimpleDotNetCoreApi.Shared\SimpleDotNetCoreApi.Shared.csproj", "{279956C6-4A72-4C8E-9348-3A1692C90AC8}"
EndProject
Project("{9A19103F-16F7-4668-BE54-9A1E7A4F7556}") = "SimpleDotNetCoreApi.Queries", "SimpleDotNetCoreApi.Queries\SimpleDotNetCoreApi.Queries.csproj", "{F4A481BA-D2DA-404C-8007-DA36B5102E2E}"
EndProject
Project("{FAE04EC0-301F-11D3-BF4B-00C04F79EFBC}") = "SimpleDotNetCoreApi.Api", "SimpleDotNetCoreApi.Api\SimpleDotNetCoreApi.Api.csproj", "{CEBF021F-1ED9-450E-BE4B-55F77FBB28BA}"
EndProject
Global
	GlobalSection(SolutionConfigurationPlatforms) = preSolution
		Debug|Any CPU = Debug|Any CPU
		Release|Any CPU = Release|Any CPU
	EndGlobalSection
	GlobalSection(ProjectConfigurationPlatforms) = postSolution
		{89EFA1E2-5C38-4DFA-9933-5A6EB0B101CD}.Debug|Any CPU.ActiveCfg = Debug|Any CPU
		{89EFA1E2-5C38-4DFA-9933-5A6EB0B101CD}.Debug|Any CPU.Build.0 = Debug|Any CPU
		{89EFA1E2-5C38-4DFA-9933-5A6EB0B101CD}.Release|Any CPU.ActiveCfg = Release|Any CPU
		{89EFA1E2-5C38-4DFA-9933-5A6EB0B101CD}.Release|Any CPU.Build.0 = Release|Any CPU
		{FAEF29C8-6775-47C4-BDF3-44AA0D82ECDE}.Debug|Any CPU.ActiveCfg = Debug|Any CPU
		{FAEF29C8-6775-47C4-BDF3-44AA0D82ECDE}.Debug|Any CPU.Build.0 = Debug|Any CPU
		{FAEF29C8-6775-47C4-BDF3-44AA0D82ECDE}.Release|Any CPU.ActiveCfg = Release|Any CPU
		{FAEF29C8-6775-47C4-BDF3-44AA0D82ECDE}.Release|Any CPU.Build.0 = Release|Any CPU
		{279956C6-4A72-4C8E-9348-3A1692C90AC8}.Debug|Any CPU.ActiveCfg = Debug|Any CPU
		{279956C6-4A72-4C8E-9348-3A1692C90AC8}.Debug|Any CPU.Build.0 = Debug|Any CPU
		{279956C6-4A72-4C8E-9348-3A1692C90AC8}.Release|Any CPU.ActiveCfg = Release|Any CPU
		{279956C6-4A72-4C8E-9348-3A1692C90AC8}.Release|Any CPU.Build.0 = Release|Any CPU
		{F4A481BA-D2DA-404C-8007-DA36B5102E2E}.Debug|Any CPU.ActiveCfg = Debug|Any CPU
		{F4A481BA-D2DA-404C-8007-DA36B5102E2E}.Debug|Any CPU.Build.0 = Debug|Any CPU
		{F4A481BA-D2DA-404C-8007-DA36B5102E2E}.Release|Any CPU.ActiveCfg = Release|Any CPU
		{F4A481BA-D2DA-404C-8007-DA36B5102E2E}.Release|Any CPU.Build.0 = Release|Any CPU
		{CEBF021F-1ED9-450E-BE4B-55F77FBB28BA}.Debug|Any CPU.ActiveCfg = Debug|Any CPU
		{CEBF021F-1ED9-450E-BE4B-55F77FBB28BA}.Debug|Any CPU.Build.0 = Debug|Any CPU
		{CEBF021F-1ED9-450E-BE4B-55F77FBB28BA}.Release|Any CPU.ActiveCfg = Release|Any CPU
		{CEBF021F-1ED9-450E-BE4B-55F77FBB28BA}.Release|Any CPU.Build.0 = Release|Any CPU
	EndGlobalSection
	GlobalSection(SolutionProperties) = preSolution
		HideSolutionNode = FALSE
	EndGlobalSection
	GlobalSection(ExtensibilityGlobals) = postSolution
		SolutionGuid = {ED457817-A262-4770-A7F8-FD4F1FA7B98F}
	EndGlobalSection
EndGlobal
